
Microsoft Visual Studio Solution File, Format Version 12.00
# Visual Studio Version 17
VisualStudioVersion = 17.8.0.0
MinimumVisualStudioVersion = 17.8.0.0
Project("{2150E333-8FDC-42A3-9474-1A3956D46DE8}") = "src", "src", "{827E0CD3-B72D-47B6-A68D-7590B98EB39B}"
EndProject
Project("{FAE04EC0-301F-11D3-BF4B-00C04F79EFBC}") = "OrderManagement.Domain", "src\OrderManagement.Domain\OrderManagement.Domain.csproj", "{C58843DD-D136-48E3-AAE6-8EC6BAA00E26}"
EndProject
Project("{FAE04EC0-301F-11D3-BF4B-00C04F79EFBC}") = "OrderManagement.Application", "src\OrderManagement.Application\OrderManagement.Application.csproj", "{EADC64FB-477B-4745-89B1-A22EE1D0B346}"
EndProject
Project("{FAE04EC0-301F-11D3-BF4B-00C04F79EFBC}") = "OrderManagement.Infrastructure", "src\OrderManagement.Infrastructure\OrderManagement.Infrastructure.csproj", "{A9738E47-838B-45D6-9374-F5D60B7403F1}"
EndProject
Project("{FAE04EC0-301F-11D3-BF4B-00C04F79EFBC}") = "OrderManagement.Api", "src\OrderManagement.Api\OrderManagement.Api.csproj", "{FF7564FD-FAF2-4EA5-8A30-E1521F121897}"
EndProject
Project("{2150E333-8FDC-42A3-9474-1A3956D46DE8}") = "tests", "tests", "{0AB3BF05-4346-4AA6-1389-037BE0695223}"
EndProject
Project("{FAE04EC0-301F-11D3-BF4B-00C04F79EFBC}") = "OrderManagement.UnitTests", "tests\OrderManagement.UnitTests\OrderManagement.UnitTests.csproj", "{D229DCA6-6E5E-4A13-87D4-4576250A32F3}"
EndProject
Project("{FAE04EC0-301F-11D3-BF4B-00C04F79EFBC}") = "OrderManagement.IntegrationTests", "tests\OrderManagement.IntegrationTests\OrderManagement.IntegrationTests.csproj", "{9FAED755-13B9-4001-8662-80F595987DED}"
EndProject
Project("{2150E333-8FDC-42A3-9474-1A3956D46DE8}") = "aspire", "aspire", "{64880D93-BAB4-FF83-898C-B934B68C31A9}"
EndProject
Project("{FAE04EC0-301F-11D3-BF4B-00C04F79EFBC}") = "OrderManagement.AppHost", "aspire\OrderManagement.AppHost\OrderManagement.AppHost.csproj", "{ED14C6A8-084C-4268-8234-761D4C03870D}"
EndProject
Project("{FAE04EC0-301F-11D3-BF4B-00C04F79EFBC}") = "OrderManagement.ServiceDefaults", "aspire\OrderManagement.ServiceDefaults\OrderManagement.ServiceDefaults.csproj", "{ABC35394-3990-4E72-9816-245383147334}"
EndProject
Global
	GlobalSection(SolutionConfigurationPlatforms) = preSolution
		Debug|Any CPU = Debug|Any CPU
		Debug|x64 = Debug|x64
		Debug|x86 = Debug|x86
		Release|Any CPU = Release|Any CPU
		Release|x64 = Release|x64
		Release|x86 = Release|x86
	EndGlobalSection
	GlobalSection(ProjectConfigurationPlatforms) = postSolution
		{49EF7BFF-446D-4137-B5C4-57B23F2A3F76}.Debug|Any CPU.ActiveCfg = Debug|Any CPU
		{49EF7BFF-446D-4137-B5C4-57B23F2A3F76}.Debug|Any CPU.Build.0 = Debug|Any CPU
		{49EF7BFF-446D-4137-B5C4-57B23F2A3F76}.Debug|x64.ActiveCfg = Debug|Any CPU
		{49EF7BFF-446D-4137-B5C4-57B23F2A3F76}.Debug|x64.Build.0 = Debug|Any CPU
		{49EF7BFF-446D-4137-B5C4-57B23F2A3F76}.Debug|x86.ActiveCfg = Debug|Any CPU
		{49EF7BFF-446D-4137-B5C4-57B23F2A3F76}.Debug|x86.Build.0 = Debug|Any CPU
		{49EF7BFF-446D-4137-B5C4-57B23F2A3F76}.Release|Any CPU.ActiveCfg = Release|Any CPU
		{49EF7BFF-446D-4137-B5C4-57B23F2A3F76}.Release|Any CPU.Build.0 = Release|Any CPU
		{49EF7BFF-446D-4137-B5C4-57B23F2A3F76}.Release|x64.ActiveCfg = Release|Any CPU
		{49EF7BFF-446D-4137-B5C4-57B23F2A3F76}.Release|x64.Build.0 = Release|Any CPU
		{49EF7BFF-446D-4137-B5C4-57B23F2A3F76}.Release|x86.ActiveCfg = Release|Any CPU
		{49EF7BFF-446D-4137-B5C4-57B23F2A3F76}.Release|x86.Build.0 = Release|Any CPU
		{44F577BB-AFF4-4E43-9DE2-84DAC172C1F1}.Debug|Any CPU.ActiveCfg = Debug|Any CPU
		{44F577BB-AFF4-4E43-9DE2-84DAC172C1F1}.Debug|Any CPU.Build.0 = Debug|Any CPU
		{44F577BB-AFF4-4E43-9DE2-84DAC172C1F1}.Debug|x64.ActiveCfg = Debug|Any CPU
		{44F577BB-AFF4-4E43-9DE2-84DAC172C1F1}.Debug|x64.Build.0 = Debug|Any CPU
		{44F577BB-AFF4-4E43-9DE2-84DAC172C1F1}.Debug|x86.ActiveCfg = Debug|Any CPU
		{44F577BB-AFF4-4E43-9DE2-84DAC172C1F1}.Debug|x86.Build.0 = Debug|Any CPU
		{44F577BB-AFF4-4E43-9DE2-84DAC172C1F1}.Release|Any CPU.ActiveCfg = Release|Any CPU
		{44F577BB-AFF4-4E43-9DE2-84DAC172C1F1}.Release|Any CPU.Build.0 = Release|Any CPU
		{44F577BB-AFF4-4E43-9DE2-84DAC172C1F1}.Release|x64.ActiveCfg = Release|Any CPU
		{44F577BB-AFF4-4E43-9DE2-84DAC172C1F1}.Release|x64.Build.0 = Release|Any CPU
		{44F577BB-AFF4-4E43-9DE2-84DAC172C1F1}.Release|x86.ActiveCfg = Release|Any CPU
		{44F577BB-AFF4-4E43-9DE2-84DAC172C1F1}.Release|x86.Build.0 = Release|Any CPU
		{C58843DD-D136-48E3-AAE6-8EC6BAA00E26}.Debug|Any CPU.ActiveCfg = Debug|Any CPU
		{C58843DD-D136-48E3-AAE6-8EC6BAA00E26}.Debug|Any CPU.Build.0 = Debug|Any CPU
		{C58843DD-D136-48E3-AAE6-8EC6BAA00E26}.Debug|x64.ActiveCfg = Debug|Any CPU
		{C58843DD-D136-48E3-AAE6-8EC6BAA00E26}.Debug|x64.Build.0 = Debug|Any CPU
		{C58843DD-D136-48E3-AAE6-8EC6BAA00E26}.Debug|x86.ActiveCfg = Debug|Any CPU
		{C58843DD-D136-48E3-AAE6-8EC6BAA00E26}.Debug|x86.Build.0 = Debug|Any CPU
		{C58843DD-D136-48E3-AAE6-8EC6BAA00E26}.Release|Any CPU.ActiveCfg = Release|Any CPU
		{C58843DD-D136-48E3-AAE6-8EC6BAA00E26}.Release|Any CPU.Build.0 = Release|Any CPU
		{C58843DD-D136-48E3-AAE6-8EC6BAA00E26}.Release|x64.ActiveCfg = Release|Any CPU
		{C58843DD-D136-48E3-AAE6-8EC6BAA00E26}.Release|x64.Build.0 = Release|Any CPU
		{C58843DD-D136-48E3-AAE6-8EC6BAA00E26}.Release|x86.ActiveCfg = Release|Any CPU
		{C58843DD-D136-48E3-AAE6-8EC6BAA00E26}.Release|x86.Build.0 = Release|Any CPU
		{EADC64FB-477B-4745-89B1-A22EE1D0B346}.Debug|Any CPU.ActiveCfg = Debug|Any CPU
		{EADC64FB-477B-4745-89B1-A22EE1D0B346}.Debug|Any CPU.Build.0 = Debug|Any CPU
		{EADC64FB-477B-4745-89B1-A22EE1D0B346}.Debug|x64.ActiveCfg = Debug|Any CPU
		{EADC64FB-477B-4745-89B1-A22EE1D0B346}.Debug|x64.Build.0 = Debug|Any CPU
		{EADC64FB-477B-4745-89B1-A22EE1D0B346}.Debug|x86.ActiveCfg = Debug|Any CPU
		{EADC64FB-477B-4745-89B1-A22EE1D0B346}.Debug|x86.Build.0 = Debug|Any CPU
		{EADC64FB-477B-4745-89B1-A22EE1D0B346}.Release|Any CPU.ActiveCfg = Release|Any CPU
		{EADC64FB-477B-4745-89B1-A22EE1D0B346}.Release|Any CPU.Build.0 = Release|Any CPU
		{EADC64FB-477B-4745-89B1-A22EE1D0B346}.Release|x64.ActiveCfg = Release|Any CPU
		{EADC64FB-477B-4745-89B1-A22EE1D0B346}.Release|x64.Build.0 = Release|Any CPU
		{EADC64FB-477B-4745-89B1-A22EE1D0B346}.Release|x86.ActiveCfg = Release|Any CPU
		{EADC64FB-477B-4745-89B1-A22EE1D0B346}.Release|x86.Build.0 = Release|Any CPU
		{A9738E47-838B-45D6-9374-F5D60B7403F1}.Debug|Any CPU.ActiveCfg = Debug|Any CPU
		{A9738E47-838B-45D6-9374-F5D60B7403F1}.Debug|Any CPU.Build.0 = Debug|Any CPU
		{A9738E47-838B-45D6-9374-F5D60B7403F1}.Debug|x64.ActiveCfg = Debug|Any CPU
		{A9738E47-838B-45D6-9374-F5D60B7403F1}.Debug|x64.Build.0 = Debug|Any CPU
		{A9738E47-838B-45D6-9374-F5D60B7403F1}.Debug|x86.ActiveCfg = Debug|Any CPU
		{A9738E47-838B-45D6-9374-F5D60B7403F1}.Debug|x86.Build.0 = Debug|Any CPU
		{A9738E47-838B-45D6-9374-F5D60B7403F1}.Release|Any CPU.ActiveCfg = Release|Any CPU
		{A9738E47-838B-45D6-9374-F5D60B7403F1}.Release|Any CPU.Build.0 = Release|Any CPU
		{A9738E47-838B-45D6-9374-F5D60B7403F1}.Release|x64.ActiveCfg = Release|Any CPU
		{A9738E47-838B-45D6-9374-F5D60B7403F1}.Release|x64.Build.0 = Release|Any CPU
		{A9738E47-838B-45D6-9374-F5D60B7403F1}.Release|x86.ActiveCfg = Release|Any CPU
		{A9738E47-838B-45D6-9374-F5D60B7403F1}.Release|x86.Build.0 = Release|Any CPU
		{FF7564FD-FAF2-4EA5-8A30-E1521F121897}.Debug|Any CPU.ActiveCfg = Debug|Any CPU
		{FF7564FD-FAF2-4EA5-8A30-E1521F121897}.Debug|Any CPU.Build.0 = Debug|Any CPU
		{FF7564FD-FAF2-4EA5-8A30-E1521F121897}.Debug|x64.ActiveCfg = Debug|Any CPU
		{FF7564FD-FAF2-4EA5-8A30-E1521F121897}.Debug|x64.Build.0 = Debug|Any CPU
		{FF7564FD-FAF2-4EA5-8A30-E1521F121897}.Debug|x86.ActiveCfg = Debug|Any CPU
		{FF7564FD-FAF2-4EA5-8A30-E1521F121897}.Debug|x86.Build.0 = Debug|Any CPU
		{FF7564FD-FAF2-4EA5-8A30-E1521F121897}.Release|Any CPU.ActiveCfg = Release|Any CPU
		{FF7564FD-FAF2-4EA5-8A30-E1521F121897}.Release|Any CPU.Build.0 = Release|Any CPU
		{FF7564FD-FAF2-4EA5-8A30-E1521F121897}.Release|x64.ActiveCfg = Release|Any CPU
		{FF7564FD-FAF2-4EA5-8A30-E1521F121897}.Release|x64.Build.0 = Release|Any CPU
		{FF7564FD-FAF2-4EA5-8A30-E1521F121897}.Release|x86.ActiveCfg = Release|Any CPU
		{FF7564FD-FAF2-4EA5-8A30-E1521F121897}.Release|x86.Build.0 = Release|Any CPU
		{D229DCA6-6E5E-4A13-87D4-4576250A32F3}.Debug|Any CPU.ActiveCfg = Debug|Any CPU
		{D229DCA6-6E5E-4A13-87D4-4576250A32F3}.Debug|Any CPU.Build.0 = Debug|Any CPU
		{D229DCA6-6E5E-4A13-87D4-4576250A32F3}.Debug|x64.ActiveCfg = Debug|Any CPU
		{D229DCA6-6E5E-4A13-87D4-4576250A32F3}.Debug|x64.Build.0 = Debug|Any CPU
		{D229DCA6-6E5E-4A13-87D4-4576250A32F3}.Debug|x86.ActiveCfg = Debug|Any CPU
		{D229DCA6-6E5E-4A13-87D4-4576250A32F3}.Debug|x86.Build.0 = Debug|Any CPU
		{D229DCA6-6E5E-4A13-87D4-4576250A32F3}.Release|Any CPU.ActiveCfg = Release|Any CPU
		{D229DCA6-6E5E-4A13-87D4-4576250A32F3}.Release|Any CPU.Build.0 = Release|Any CPU
		{D229DCA6-6E5E-4A13-87D4-4576250A32F3}.Release|x64.ActiveCfg = Release|Any CPU
		{D229DCA6-6E5E-4A13-87D4-4576250A32F3}.Release|x64.Build.0 = Release|Any CPU
		{D229DCA6-6E5E-4A13-87D4-4576250A32F3}.Release|x86.ActiveCfg = Release|Any CPU
		{D229DCA6-6E5E-4A13-87D4-4576250A32F3}.Release|x86.Build.0 = Release|Any CPU
		{9FAED755-13B9-4001-8662-80F595987DED}.Debug|Any CPU.ActiveCfg = Debug|Any CPU
		{9FAED755-13B9-4001-8662-80F595987DED}.Debug|Any CPU.Build.0 = Debug|Any CPU
		{9FAED755-13B9-4001-8662-80F595987DED}.Debug|x64.ActiveCfg = Debug|Any CPU
		{9FAED755-13B9-4001-8662-80F595987DED}.Debug|x64.Build.0 = Debug|Any CPU
		{9FAED755-13B9-4001-8662-80F595987DED}.Debug|x86.ActiveCfg = Debug|Any CPU
		{9FAED755-13B9-4001-8662-80F595987DED}.Debug|x86.Build.0 = Debug|Any CPU
		{9FAED755-13B9-4001-8662-80F595987DED}.Release|Any CPU.ActiveCfg = Release|Any CPU
		{9FAED755-13B9-4001-8662-80F595987DED}.Release|Any CPU.Build.0 = Release|Any CPU
		{9FAED755-13B9-4001-8662-80F595987DED}.Release|x64.ActiveCfg = Release|Any CPU
		{9FAED755-13B9-4001-8662-80F595987DED}.Release|x64.Build.0 = Release|Any CPU
		{9FAED755-13B9-4001-8662-80F595987DED}.Release|x86.ActiveCfg = Release|Any CPU
		{9FAED755-13B9-4001-8662-80F595987DED}.Release|x86.Build.0 = Release|Any CPU
		{ED14C6A8-084C-4268-8234-761D4C03870D}.Debug|Any CPU.ActiveCfg = Debug|Any CPU
		{ED14C6A8-084C-4268-8234-761D4C03870D}.Debug|Any CPU.Build.0 = Debug|Any CPU
		{ED14C6A8-084C-4268-8234-761D4C03870D}.Debug|x64.ActiveCfg = Debug|Any CPU
		{ED14C6A8-084C-4268-8234-761D4C03870D}.Debug|x64.Build.0 = Debug|Any CPU
		{ED14C6A8-084C-4268-8234-761D4C03870D}.Debug|x86.ActiveCfg = Debug|Any CPU
		{ED14C6A8-084C-4268-8234-761D4C03870D}.Debug|x86.Build.0 = Debug|Any CPU
		{ED14C6A8-084C-4268-8234-761D4C03870D}.Release|Any CPU.ActiveCfg = Release|Any CPU
		{ED14C6A8-084C-4268-8234-761D4C03870D}.Release|Any CPU.Build.0 = Release|Any CPU
		{ED14C6A8-084C-4268-8234-761D4C03870D}.Release|x64.ActiveCfg = Release|Any CPU
		{ED14C6A8-084C-4268-8234-761D4C03870D}.Release|x64.Build.0 = Release|Any CPU
		{ED14C6A8-084C-4268-8234-761D4C03870D}.Release|x86.ActiveCfg = Release|Any CPU
		{ED14C6A8-084C-4268-8234-761D4C03870D}.Release|x86.Build.0 = Release|Any CPU
		{ABC35394-3990-4E72-9816-245383147334}.Debug|Any CPU.ActiveCfg = Debug|Any CPU
		{ABC35394-3990-4E72-9816-245383147334}.Debug|Any CPU.Build.0 = Debug|Any CPU
		{ABC35394-3990-4E72-9816-245383147334}.Debug|x64.ActiveCfg = Debug|Any CPU
		{ABC35394-3990-4E72-9816-245383147334}.Debug|x64.Build.0 = Debug|Any CPU
		{ABC35394-3990-4E72-9816-245383147334}.Debug|x86.ActiveCfg = Debug|Any CPU
		{ABC35394-3990-4E72-9816-245383147334}.Debug|x86.Build.0 = Debug|Any CPU
		{ABC35394-3990-4E72-9816-245383147334}.Release|Any CPU.ActiveCfg = Release|Any CPU
		{ABC35394-3990-4E72-9816-245383147334}.Release|Any CPU.Build.0 = Release|Any CPU
		{ABC35394-3990-4E72-9816-245383147334}.Release|x64.ActiveCfg = Release|Any CPU
		{ABC35394-3990-4E72-9816-245383147334}.Release|x64.Build.0 = Release|Any CPU
		{ABC35394-3990-4E72-9816-245383147334}.Release|x86.ActiveCfg = Release|Any CPU
		{ABC35394-3990-4E72-9816-245383147334}.Release|x86.Build.0 = Release|Any CPU
	EndGlobalSection
	GlobalSection(SolutionProperties) = preSolution
		HideSolutionNode = FALSE
	EndGlobalSection
	GlobalSection(NestedProjects) = preSolution
		{C58843DD-D136-48E3-AAE6-8EC6BAA00E26} = {827E0CD3-B72D-47B6-A68D-7590B98EB39B}
		{EADC64FB-477B-4745-89B1-A22EE1D0B346} = {827E0CD3-B72D-47B6-A68D-7590B98EB39B}
		{A9738E47-838B-45D6-9374-F5D60B7403F1} = {827E0CD3-B72D-47B6-A68D-7590B98EB39B}
		{FF7564FD-FAF2-4EA5-8A30-E1521F121897} = {827E0CD3-B72D-47B6-A68D-7590B98EB39B}
		{D229DCA6-6E5E-4A13-87D4-4576250A32F3} = {0AB3BF05-4346-4AA6-1389-037BE0695223}
		{9FAED755-13B9-4001-8662-80F595987DED} = {0AB3BF05-4346-4AA6-1389-037BE0695223}
		{ED14C6A8-084C-4268-8234-761D4C03870D} = {64880D93-BAB4-FF83-898C-B934B68C31A9}
		{ABC35394-3990-4E72-9816-245383147334} = {64880D93-BAB4-FF83-898C-B934B68C31A9}
	EndGlobalSection
	GlobalSection(ExtensibilityGlobals) = postSolution
		SolutionGuid = {63747313-8816-466B-BA65-0301F4A9E017}
	EndGlobalSection
EndGlobal
